PODS:
  - AtoneCon (0.0.4):
    - ObjectMapper (~> 4.2)
    - SAMKeychain (~> 1.5)
  - ObjectMapper (4.2.0)
  - SAMKeychain (1.5.2)
  - SwiftLint (0.27.0)
  - SwiftUtils (4.0.1)
  - Toast-Swift (3.0.1)

DEPENDENCIES:
  - AtoneCon (from `./`)
  - ObjectMapper (~> 4.2)
  - SAMKeychain (~> 1.5)
  - SwiftLint (= 0.27.0)
  - SwiftUtils (~> 4.0.1)
  - Toast-Swift (~> 3.0.0)

EXTERNAL SOURCES:
  AtoneCon:
    :path: "./"

SPEC CHECKSUMS:
  AtoneCon: d7afc7d92d36ec5661beee58295cd5c39e68e3c5
  ObjectMapper: 1eb41f610210777375fa806bf161dc39fb832b81
  SAMKeychain: 1865333198217411f35327e8da61b43de79b635b
  SwiftLint: 3207c1faa2240bf8973b191820a116113cd11073
  SwiftUtils: b009d391fb2e285392f114238f8b55d2750b80f0
  Toast-Swift: ba0b01b095aada709d915f9beb1d38184a2721c3

PODFILE CHECKSUM: 4734e4ab44e6e3dece640878360e135d8994c6b5

COCOAPODS: 1.2.1
