PODS:
  - AtoneCon (0.0.1)
  - SwiftLint (0.16.1)

DEPENDENCIES:
  - AtoneCon (from `./`)
  - SwiftLint (~> 0.16.1)

EXTERNAL SOURCES:
  AtoneCon:
    :path: "./"

SPEC CHECKSUMS:
  AtoneCon: 5bfa8bc44f10185edcf0ff5ed760227054bf432c
  SwiftLint: b8b683208cc09640898f16318a7a452274e91f61

PODFILE CHECKSUM: c98de6de3fdbaa38313d2b2686e22cad986a4480

COCOAPODS: 1.2.1
