PODS:
  - AtoneCon (0.0.1):
    - ObjectMapper (~> 2.2)
    - SAMKeychain (~> 1.5)
  - ObjectMapper (2.2.6)
  - SAMKeychain (1.5.2)
  - SwiftLint (0.16.1)
  - SwiftUtils (2.1.1)

DEPENDENCIES:
  - AtoneCon (from `./`)
  - ObjectMapper (~> 2.2)
  - SAMKeychain (~> 1.5)
  - SwiftLint (~> 0.16.1)
  - SwiftUtils (~> 2.1)

EXTERNAL SOURCES:
  AtoneCon:
    :path: "./"

SPEC CHECKSUMS:
  AtoneCon: de83a73a6022466115f351040ff2c3b47773520c
  ObjectMapper: '042708195cc46c20871cbcbec0453826398273fd'
  SAMKeychain: 1865333198217411f35327e8da61b43de79b635b
  SwiftLint: b8b683208cc09640898f16318a7a452274e91f61
  SwiftUtils: 3f79be4fec34ac8b7c95d2ec15c9feebe81f1fc1

PODFILE CHECKSUM: e690651080cd8e6b022d8bf6a96b205877fecd19

COCOAPODS: 1.2.1
